// !$*UTF8*$!
{
	archiveVersion = 1;
	classes = {
	};
	objectVersion = 46;
	objects = {

/* Begin PBXBuildFile section */
		15FF2C9D5FE632E96B2F6E40 /* IOKit.framework */ = {isa = PBXBuildFile; fileRef = FAC3A79FA2F7147856F1FE0B; };
		1908CBE1B3D6B11D2D632776 /* App */ = {isa = PBXBuildFile; fileRef = 2DCF7EC3F3B404A0523B1B5F; };
		3E48D938AEC68BD0856F05DD /* MainComponent.cpp */ = {isa = PBXBuildFile; fileRef = 1722921D5F7FC6057AAA6360; };
		3F814E4680E592724066F3C1 /* include_juce_graphics.mm */ = {isa = PBXBuildFile; fileRef = 9A22E898EBAFB34687433D35; };
		5BB5DD40B8F76CEA83C5491A /* RecentFilesMenuTemplate.nib */ = {isa = PBXBuildFile; fileRef = C9F21EA882596F7ACFC6777E; };
		6DF9102E858B11438BA1B4D8 /* Cocoa.framework */ = {isa = PBXBuildFile; fileRef = B96ADF01490EDC4274398CCA; };
		9515B4D18D12E57DA93840DE /* include_juce_core.mm */ = {isa = PBXBuildFile; fileRef = 5029C63BD0894A7E08FA111F; };
		AEA52EA4FDC30B2FB8D4AD15 /* include_juce_gui_basics.mm */ = {isa = PBXBuildFile; fileRef = 7229F033E13842818E62442C; };
		BA8AF78113FE1606D04E1F0C /* Foundation.framework */ = {isa = PBXBuildFile; fileRef = 27AC63F8B4C606996A6E6CDD; };
		BAF62AFE48878A429979F1B8 /* Main.cpp */ = {isa = PBXBuildFile; fileRef = 9CB79CD826AAA1ABEE13D48F; };
		BBCF91622613186CEF5DDF36 /* include_juce_events.mm */ = {isa = PBXBuildFile; fileRef = A4C3FF7004ED8FF562058E44; };
		CB431CF0AA3AFD5748F47024 /* QuartzCore.framework */ = {isa = PBXBuildFile; fileRef = F9F9F97BA12FF1C178FE5EE2; };
		E5829CE118A5E3FD85E93845 /* include_juce_data_structures.mm */ = {isa = PBXBuildFile; fileRef = D6748ECDFE5C0227DDA42AA8; };
/* End PBXBuildFile section */

/* Begin PBXFileReference section */
		1722921D5F7FC6057AAA6360 /* MainComponent.cpp */ /* MainComponent.cpp */ = {isa = PBXFileReference; lastKnownFileType = sourcecode.cpp.cpp; name = MainComponent.cpp; path = ../../Source/MainComponent.cpp; sourceTree = SOURCE_ROOT; };
		27AC63F8B4C606996A6E6CDD /* Foundation.framework */ /* Foundation.framework */ = {isa = PBXFileReference; lastKnownFileType = wrapper.framework; name = Foundation.framework; path = System/Library/Frameworks/Foundation.framework; sourceTree = SDKROOT; };
		2DCF7EC3F3B404A0523B1B5F /* App */ = {isa = PBXFileReference; explicitFileType = wrapper.application; includeInIndex = 0; path = NewProject.app; sourceTree = BUILT_PRODUCTS_DIR; };
		5029C63BD0894A7E08FA111F /* include_juce_core.mm */ /* include_juce_core.mm */ = {isa = PBXFileReference; lastKnownFileType = sourcecode.cpp.objcpp; name = include_juce_core.mm; path = ../../JuceLibraryCode/include_juce_core.mm; sourceTree = SOURCE_ROOT; };
		5346F25F5CF6F0F4BA2685E2 /* Info-App.plist */ /* Info-App.plist */ = {isa = PBXFileReference; lastKnownFileType = text.plist.xml; name = "Info-App.plist"; path = "Info-App.plist"; sourceTree = SOURCE_ROOT; };
		5CB2ACC24E08DA109D82ACEE /* juce_core */ /* juce_core */ = {isa = PBXFileReference; lastKnownFileType = folder; name = juce_core; path = /Users/liamcampbell/Desktop/Moises/JUCE/modules/juce_core; sourceTree = "<absolute>"; };
		7229F033E13842818E62442C /* include_juce_gui_basics.mm */ /* include_juce_gui_basics.mm */ = {isa = PBXFileReference; lastKnownFileType = sourcecode.cpp.objcpp; name = include_juce_gui_basics.mm; path = ../../JuceLibraryCode/include_juce_gui_basics.mm; sourceTree = SOURCE_ROOT; };
		739CE7954F4DF8492EC5CA03 /* juce_gui_basics */ /* juce_gui_basics */ = {isa = PBXFileReference; lastKnownFileType = folder; name = juce_gui_basics; path = /Users/liamcampbell/Desktop/Moises/JUCE/modules/juce_gui_basics; sourceTree = "<absolute>"; };
		9A22E898EBAFB34687433D35 /* include_juce_graphics.mm */ /* include_juce_graphics.mm */ = {isa = PBXFileReference; lastKnownFileType = sourcecode.cpp.objcpp; name = include_juce_graphics.mm; path = ../../JuceLibraryCode/include_juce_graphics.mm; sourceTree = SOURCE_ROOT; };
		9CB79CD826AAA1ABEE13D48F /* Main.cpp */ /* Main.cpp */ = {isa = PBXFileReference; lastKnownFileType = sourcecode.cpp.cpp; name = Main.cpp; path = ../../Source/Main.cpp; sourceTree = SOURCE_ROOT; };
		A4C3FF7004ED8FF562058E44 /* include_juce_events.mm */ /* include_juce_events.mm */ = {isa = PBXFileReference; lastKnownFileType = sourcecode.cpp.objcpp; name = include_juce_events.mm; path = ../../JuceLibraryCode/include_juce_events.mm; sourceTree = SOURCE_ROOT; };
		A75F27EC0D94C8BEB60558A5 /* juce_events */ /* juce_events */ = {isa = PBXFileReference; lastKnownFileType = folder; name = juce_events; path = /Users/liamcampbell/Desktop/Moises/JUCE/modules/juce_events; sourceTree = "<absolute>"; };
		AC821032F885C8177409AC4F /* juce_data_structures */ /* juce_data_structures */ = {isa = PBXFileReference; lastKnownFileType = folder; name = juce_data_structures; path = /Users/liamcampbell/Desktop/Moises/JUCE/modules/juce_data_structures; sourceTree = "<absolute>"; };
		B0DD79C77389968E2C17182E /* MainComponent.h */ /* MainComponent.h */ = {isa = PBXFileReference; lastKnownFileType = sourcecode.c.h; name = MainComponent.h; path = ../../Source/MainComponent.h; sourceTree = SOURCE_ROOT; };
		B96ADF01490EDC4274398CCA /* Cocoa.framework */ /* Cocoa.framework */ = {isa = PBXFileReference; lastKnownFileType = wrapper.framework; name = Cocoa.framework; path = System/Library/Frameworks/Cocoa.framework; sourceTree = SDKROOT; };
		C74A0E2665B6C84708B9C280 /* JuceHeader.h */ /* JuceHeader.h */ = {isa = PBXFileReference; lastKnownFileType = sourcecode.c.h; name = JuceHeader.h; path = ../../JuceLibraryCode/JuceHeader.h; sourceTree = SOURCE_ROOT; };
		C9F21EA882596F7ACFC6777E /* RecentFilesMenuTemplate.nib */ /* RecentFilesMenuTemplate.nib */ = {isa = PBXFileReference; lastKnownFileType = file.nib; name = RecentFilesMenuTemplate.nib; path = RecentFilesMenuTemplate.nib; sourceTree = SOURCE_ROOT; };
		D6748ECDFE5C0227DDA42AA8 /* include_juce_data_structures.mm */ /* include_juce_data_structures.mm */ = {isa = PBXFileReference; lastKnownFileType = sourcecode.cpp.objcpp; name = include_juce_data_structures.mm; path = ../../JuceLibraryCode/include_juce_data_structures.mm; sourceTree = SOURCE_ROOT; };
		F8534D1341080934DA445807 /* juce_graphics */ /* juce_graphics */ = {isa = PBXFileReference; lastKnownFileType = folder; name = juce_graphics; path = /Users/liamcampbell/Desktop/Moises/JUCE/modules/juce_graphics; sourceTree = "<absolute>"; };
		F9F9F97BA12FF1C178FE5EE2 /* QuartzCore.framework */ /* QuartzCore.framework */ = {isa = PBXFileReference; lastKnownFileType = wrapper.framework; name = QuartzCore.framework; path = System/Library/Frameworks/QuartzCore.framework; sourceTree = SDKROOT; };
		FAC3A79FA2F7147856F1FE0B /* IOKit.framework */ /* IOKit.framework */ = {isa = PBXFileReference; lastKnownFileType = wrapper.framework; name = IOKit.framework; path = System/Library/Frameworks/IOKit.framework; sourceTree = SDKROOT; };
/* End PBXFileReference section */

/* Begin PBXFrameworksBuildPhase section */
		FDB855C9B9A48D4D5AA80F1E = {
			isa = PBXFrameworksBuildPhase;
			buildActionMask = 2147483647;
			files = (
				6DF9102E858B11438BA1B4D8,
				BA8AF78113FE1606D04E1F0C,
				15FF2C9D5FE632E96B2F6E40,
				CB431CF0AA3AFD5748F47024,
			);
			runOnlyForDeploymentPostprocessing = 0;
		};
/* End PBXFrameworksBuildPhase section */

/* Begin PBXGroup section */
		0989A45969269403327EEDA4 /* Source */ = {
			isa = PBXGroup;
			children = (
				9CB79CD826AAA1ABEE13D48F,
				B0DD79C77389968E2C17182E,
				1722921D5F7FC6057AAA6360,
			);
			name = Source;
			sourceTree = "<group>";
		};
		4B9AAA0C0F8E7DB153BE2010 /* Source */ = {
			isa = PBXGroup;
			children = (
				BD0DA2F6389F7B23C8506FFD,
				C6E1132D114FC28E6D005C59,
				E5B2F0B3D0288A10199A1ED5,
				73367D71D48D85408EEB7BB9,
				C657B0F115EA57317F256FDE,
				9E340DA7D76D2A0522ADB6FF,
			);
			name = Source;
			sourceTree = "<group>";
		};
		73367D71D48D85408EEB7BB9 /* Resources */ = {
			isa = PBXGroup;
			children = (
				5346F25F5CF6F0F4BA2685E2,
				C9F21EA882596F7ACFC6777E,
			);
			name = Resources;
			sourceTree = "<group>";
		};
		9E340DA7D76D2A0522ADB6FF /* Products */ = {
			isa = PBXGroup;
			children = (
				2DCF7EC3F3B404A0523B1B5F,
			);
			name = Products;
			sourceTree = "<group>";
		};
		BD0DA2F6389F7B23C8506FFD /* LiamAudioPlayer */ = {
			isa = PBXGroup;
			children = (
				0989A45969269403327EEDA4,
			);
			name = LiamAudioPlayer;
			sourceTree = "<group>";
		};
		C657B0F115EA57317F256FDE /* Frameworks */ = {
			isa = PBXGroup;
			children = (
				B96ADF01490EDC4274398CCA,
				27AC63F8B4C606996A6E6CDD,
				FAC3A79FA2F7147856F1FE0B,
				F9F9F97BA12FF1C178FE5EE2,
			);
			name = Frameworks;
			sourceTree = "<group>";
		};
		C6E1132D114FC28E6D005C59 /* JUCE Modules */ = {
			isa = PBXGroup;
			children = (
				5CB2ACC24E08DA109D82ACEE,
				AC821032F885C8177409AC4F,
				A75F27EC0D94C8BEB60558A5,
				F8534D1341080934DA445807,
				739CE7954F4DF8492EC5CA03,
			);
			name = "JUCE Modules";
			sourceTree = "<group>";
		};
		E5B2F0B3D0288A10199A1ED5 /* JUCE Library Code */ = {
			isa = PBXGroup;
			children = (
				5029C63BD0894A7E08FA111F,
				D6748ECDFE5C0227DDA42AA8,
				A4C3FF7004ED8FF562058E44,
				9A22E898EBAFB34687433D35,
				7229F033E13842818E62442C,
				C74A0E2665B6C84708B9C280,
			);
			name = "JUCE Library Code";
			sourceTree = "<group>";
		};
/* End PBXGroup section */

/* Begin PBXNativeTarget section */
		0C2C96E7534991F73DC7ADF2 /* LiamAudioPlayer - App */ = {
			isa = PBXNativeTarget;
			buildConfigurationList = 0C137CFC8D78E79867238791;
			buildPhases = (
				83C082C3AD21F6A8E86AFA2E,
				55A0175569946D69A3255234,
				FDB855C9B9A48D4D5AA80F1E,
			);
			buildRules = (
			);
			dependencies = (
			);
			name = "LiamAudioPlayer - App";
			productName = LiamAudioPlayer;
			productReference = 2DCF7EC3F3B404A0523B1B5F;
			productType = "com.apple.product-type.application";
		};
/* End PBXNativeTarget section */

/* Begin PBXProject section */
		0080D76115E29A0FEF79E15A = {
			isa = PBXProject;
			attributes = {
				LastUpgradeCheck = 1340;
				ORGANIZATIONNAME = "";
				TargetAttributes = {
					0C2C96E7534991F73DC7ADF2 = {
						SystemCapabilities = {
							com.apple.ApplicationGroups.iOS = {
								enabled = 0;
							};
							com.apple.HardenedRuntime = {
								enabled = 0;
							};
							com.apple.InAppPurchase = {
								enabled = 0;
							};
							com.apple.InterAppAudio = {
								enabled = 0;
							};
							com.apple.Push = {
								enabled = 0;
							};
							com.apple.Sandbox = {
								enabled = 0;
							};
						};
					};
				};
			};
			buildConfigurationList = 6114AC35DC62264EB05DC32C;
			compatibilityVersion = "Xcode 3.2";
			hasScannedForEncodings = 0;
			knownRegions = (
				en,
				Base,
			);
			mainGroup = 4B9AAA0C0F8E7DB153BE2010;
			projectDirPath = "";
			projectRoot = "";
			targets = (
				0C2C96E7534991F73DC7ADF2,
			);
		};
/* End PBXProject section */

/* Begin PBXResourcesBuildPhase section */
		83C082C3AD21F6A8E86AFA2E = {
			isa = PBXResourcesBuildPhase;
			buildActionMask = 2147483647;
			files = (
				5BB5DD40B8F76CEA83C5491A,
			);
			runOnlyForDeploymentPostprocessing = 0;
		};
/* End PBXResourcesBuildPhase section */

/* Begin PBXSourcesBuildPhase section */
		55A0175569946D69A3255234 = {
			isa = PBXSourcesBuildPhase;
			buildActionMask = 2147483647;
			files = (
				BAF62AFE48878A429979F1B8,
				3E48D938AEC68BD0856F05DD,
				9515B4D18D12E57DA93840DE,
				E5829CE118A5E3FD85E93845,
				BBCF91622613186CEF5DDF36,
				3F814E4680E592724066F3C1,
				AEA52EA4FDC30B2FB8D4AD15,
			);
			runOnlyForDeploymentPostprocessing = 0;
		};
/* End PBXSourcesBuildPhase section */

/* Begin XCBuildConfiguration section */
		0105F0A7815ED9ABA45666A4 /* Debug */ = {
			isa = XCBuildConfiguration;
			buildSettings = {
				CLANG_CXX_LANGUAGE_STANDARD = "c++17";
				CLANG_CXX_LIBRARY = "libc++";
				CLANG_LINK_OBJC_RUNTIME = NO;
				COMBINE_HIDPI_IMAGES = YES;
				CONFIGURATION_BUILD_DIR = "$(PROJECT_DIR)/build/$(CONFIGURATION)";
				COPY_PHASE_STRIP = NO;
				EXCLUDED_ARCHS = "";
				GCC_DYNAMIC_NO_PIC = NO;
				GCC_OPTIMIZATION_LEVEL = 0;
				GCC_PREPROCESSOR_DEFINITIONS = (
					"_DEBUG=1",
					"DEBUG=1",
					"JUCE_DISPLAY_SPLASH_SCREEN=1",
					"JUCE_USE_DARK_SPLASH_SCREEN=1",
					"JUCE_PROJUCER_VERSION=0x70005",
					"JUCE_MODULE_AVAILABLE_juce_core=1",
					"JUCE_MODULE_AVAILABLE_juce_data_structures=1",
					"JUCE_MODULE_AVAILABLE_juce_events=1",
					"JUCE_MODULE_AVAILABLE_juce_graphics=1",
					"JUCE_MODULE_AVAILABLE_juce_gui_basics=1",
					"JUCE_GLOBAL_MODULE_SETTINGS_INCLUDED=1",
					"JUCE_STRICT_REFCOUNTEDPOINTER=1",
					"JUCE_STANDALONE_APPLICATION=1",
					"JUCER_XCODE_MAC_F6D2F4CF=1",
					"JUCE_APP_VERSION=1.0.0",
					"JUCE_APP_VERSION_HEX=0x10000",
					"JucePlugin_Build_VST=0",
					"JucePlugin_Build_VST3=0",
					"JucePlugin_Build_AU=0",
					"JucePlugin_Build_AUv3=0",
					"JucePlugin_Build_AAX=0",
					"JucePlugin_Build_Standalone=0",
					"JucePlugin_Build_Unity=0",
					"JucePlugin_Build_LV2=0",
				);
				GCC_VERSION = com.apple.compilers.llvm.clang.1_0;
				HEADER_SEARCH_PATHS = (
					"$(SRCROOT)/../../JuceLibraryCode",
					"/Users/liamcampbell/Desktop/Moises/JUCE/modules",
					"$(inherited)",
				);
				INFOPLIST_FILE = Info-App.plist;
				INFOPLIST_PREPROCESS = NO;
				INSTALL_PATH = "$(HOME)/Applications";
				MACOSX_DEPLOYMENT_TARGET = 10.13;
				MTL_HEADER_SEARCH_PATHS = "$(SRCROOT)/../../JuceLibraryCode /Users/liamcampbell/Desktop/Moises/JUCE/modules";
				OTHER_LDFLAGS = "-weak_framework Metal -weak_framework MetalKit";
				PRODUCT_BUNDLE_IDENTIFIER = com.yourcompany.LiamAudioPlayer;
				PRODUCT_NAME = "NewProject";
				USE_HEADERMAP = NO;
				VALID_ARCHS = "i386 x86_64 arm64 arm64e";
			};
			name = Debug;
		};
		139238538B036EF11172E28C /* Debug */ = {
			isa = XCBuildConfiguration;
			buildSettings = {
				ALWAYS_SEARCH_USER_PATHS = NO;
				CLANG_ENABLE_OBJC_WEAK = YES;
				CLANG_WARN_BLOCK_CAPTURE_AUTORELEASING = YES;
				CLANG_WARN_BOOL_CONVERSION = YES;
				CLANG_WARN_COMMA = YES;
				CLANG_WARN_CONSTANT_CONVERSION = YES;
				CLANG_WARN_DEPRECATED_OBJC_IMPLEMENTATIONS = YES;
				CLANG_WARN_EMPTY_BODY = YES;
				CLANG_WARN_ENUM_CONVERSION = YES;
				CLANG_WARN_INFINITE_RECURSION = YES;
				CLANG_WARN_INT_CONVERSION = YES;
				CLANG_WARN_NON_LITERAL_NULL_CONVERSION = YES;
				CLANG_WARN_OBJC_IMPLICIT_RETAIN_SELF = YES;
				CLANG_WARN_OBJC_LITERAL_CONVERSION = YES;
				CLANG_WARN_RANGE_LOOP_ANALYSIS = YES;
				CLANG_WARN_STRICT_PROTOTYPES = YES;
				CLANG_WARN_SUSPICIOUS_MOVE = YES;
				CLANG_WARN_UNREACHABLE_CODE = YES;
				CLANG_WARN__DUPLICATE_METHOD_MATCH = YES;
				DEBUG_INFORMATION_FORMAT = dwarf;
				ENABLE_STRICT_OBJC_MSGSEND = YES;
				ENABLE_TESTABILITY = NO;
				GCC_C_LANGUAGE_STANDARD = c11;
				GCC_INLINES_ARE_PRIVATE_EXTERN = YES;
				GCC_MODEL_TUNING = G5;
				GCC_NO_COMMON_BLOCKS = YES;
				GCC_SYMBOLS_PRIVATE_EXTERN = YES;
				GCC_WARN_64_TO_32_BIT_CONVERSION = YES;
				GCC_WARN_ABOUT_RETURN_TYPE = YES;
				GCC_WARN_CHECK_SWITCH_STATEMENTS = YES;
				GCC_WARN_MISSING_PARENTHESES = YES;
				GCC_WARN_NON_VIRTUAL_DESTRUCTOR = YES;
				GCC_WARN_TYPECHECK_CALLS_TO_PRINTF = YES;
				GCC_WARN_UNDECLARED_SELECTOR = YES;
				GCC_WARN_UNINITIALIZED_AUTOS = YES;
				GCC_WARN_UNUSED_FUNCTION = YES;
				GCC_WARN_UNUSED_VARIABLE = YES;
				ONLY_ACTIVE_ARCH = YES;
				PRODUCT_NAME = "NewProject";
				SDKROOT = macosx;
				WARNING_CFLAGS = "-Wreorder";
				ZERO_LINK = NO;
			};
			name = Debug;
		};
		DFE7CE993379654240C534A4 /* Release */ = {
			isa = XCBuildConfiguration;
			buildSettings = {
				ALWAYS_SEARCH_USER_PATHS = NO;
				CLANG_ENABLE_OBJC_WEAK = YES;
				CLANG_WARN_BLOCK_CAPTURE_AUTORELEASING = YES;
				CLANG_WARN_BOOL_CONVERSION = YES;
				CLANG_WARN_COMMA = YES;
				CLANG_WARN_CONSTANT_CONVERSION = YES;
				CLANG_WARN_DEPRECATED_OBJC_IMPLEMENTATIONS = YES;
				CLANG_WARN_EMPTY_BODY = YES;
				CLANG_WARN_ENUM_CONVERSION = YES;
				CLANG_WARN_INFINITE_RECURSION = YES;
				CLANG_WARN_INT_CONVERSION = YES;
				CLANG_WARN_NON_LITERAL_NULL_CONVERSION = YES;
				CLANG_WARN_OBJC_IMPLICIT_RETAIN_SELF = YES;
				CLANG_WARN_OBJC_LITERAL_CONVERSION = YES;
				CLANG_WARN_RANGE_LOOP_ANALYSIS = YES;
				CLANG_WARN_STRICT_PROTOTYPES = YES;
				CLANG_WARN_SUSPICIOUS_MOVE = YES;
				CLANG_WARN_UNREACHABLE_CODE = YES;
				CLANG_WARN__DUPLICATE_METHOD_MATCH = YES;
				DEBUG_INFORMATION_FORMAT = dwarf;
				ENABLE_STRICT_OBJC_MSGSEND = YES;
				ENABLE_TESTABILITY = NO;
				GCC_C_LANGUAGE_STANDARD = c11;
				GCC_INLINES_ARE_PRIVATE_EXTERN = YES;
				GCC_MODEL_TUNING = G5;
				GCC_NO_COMMON_BLOCKS = YES;
				GCC_SYMBOLS_PRIVATE_EXTERN = YES;
				GCC_WARN_64_TO_32_BIT_CONVERSION = YES;
				GCC_WARN_ABOUT_RETURN_TYPE = YES;
				GCC_WARN_CHECK_SWITCH_STATEMENTS = YES;
				GCC_WARN_MISSING_PARENTHESES = YES;
				GCC_WARN_NON_VIRTUAL_DESTRUCTOR = YES;
				GCC_WARN_TYPECHECK_CALLS_TO_PRINTF = YES;
				GCC_WARN_UNDECLARED_SELECTOR = YES;
				GCC_WARN_UNINITIALIZED_AUTOS = YES;
				GCC_WARN_UNUSED_FUNCTION = YES;
				GCC_WARN_UNUSED_VARIABLE = YES;
				PRODUCT_NAME = "NewProject";
				SDKROOT = macosx;
				WARNING_CFLAGS = "-Wreorder";
				ZERO_LINK = NO;
			};
			name = Release;
		};
		F44B6A42A8FB4AB2E26B9FD8 /* Release */ = {
			isa = XCBuildConfiguration;
			buildSettings = {
				CLANG_CXX_LANGUAGE_STANDARD = "c++17";
				CLANG_CXX_LIBRARY = "libc++";
				CLANG_LINK_OBJC_RUNTIME = NO;
				COMBINE_HIDPI_IMAGES = YES;
				CONFIGURATION_BUILD_DIR = "$(PROJECT_DIR)/build/$(CONFIGURATION)";
				DEAD_CODE_STRIPPING = YES;
				EXCLUDED_ARCHS = "";
				GCC_GENERATE_DEBUGGING_SYMBOLS = NO;
				GCC_OPTIMIZATION_LEVEL = 3;
				GCC_PREPROCESSOR_DEFINITIONS = (
					"_NDEBUG=1",
					"NDEBUG=1",
					"JUCE_DISPLAY_SPLASH_SCREEN=1",
					"JUCE_USE_DARK_SPLASH_SCREEN=1",
					"JUCE_PROJUCER_VERSION=0x70005",
					"JUCE_MODULE_AVAILABLE_juce_core=1",
					"JUCE_MODULE_AVAILABLE_juce_data_structures=1",
					"JUCE_MODULE_AVAILABLE_juce_events=1",
					"JUCE_MODULE_AVAILABLE_juce_graphics=1",
					"JUCE_MODULE_AVAILABLE_juce_gui_basics=1",
					"JUCE_GLOBAL_MODULE_SETTINGS_INCLUDED=1",
					"JUCE_STRICT_REFCOUNTEDPOINTER=1",
					"JUCE_STANDALONE_APPLICATION=1",
					"JUCER_XCODE_MAC_F6D2F4CF=1",
					"JUCE_APP_VERSION=1.0.0",
					"JUCE_APP_VERSION_HEX=0x10000",
					"JucePlugin_Build_VST=0",
					"JucePlugin_Build_VST3=0",
					"JucePlugin_Build_AU=0",
					"JucePlugin_Build_AUv3=0",
					"JucePlugin_Build_AAX=0",
					"JucePlugin_Build_Standalone=0",
					"JucePlugin_Build_Unity=0",
					"JucePlugin_Build_LV2=0",
				);
				GCC_VERSION = com.apple.compilers.llvm.clang.1_0;
				HEADER_SEARCH_PATHS = (
					"$(SRCROOT)/../../JuceLibraryCode",
					"/Users/liamcampbell/Desktop/Moises/JUCE/modules",
					"$(inherited)",
				);
				INFOPLIST_FILE = Info-App.plist;
				INFOPLIST_PREPROCESS = NO;
				INSTALL_PATH = "$(HOME)/Applications";
				LLVM_LTO = YES;
				MACOSX_DEPLOYMENT_TARGET = 10.13;
				MTL_HEADER_SEARCH_PATHS = "$(SRCROOT)/../../JuceLibraryCode /Users/liamcampbell/Desktop/Moises/JUCE/modules";
				OTHER_LDFLAGS = "-weak_framework Metal -weak_framework MetalKit";
				PRODUCT_BUNDLE_IDENTIFIER = com.yourcompany.LiamAudioPlayer;
				PRODUCT_NAME = "NewProject";
				USE_HEADERMAP = NO;
				VALID_ARCHS = "i386 x86_64 arm64 arm64e";
			};
			name = Release;
		};
/* End XCBuildConfiguration section */

/* Begin XCConfigurationList section */
		0C137CFC8D78E79867238791 = {
			isa = XCConfigurationList;
			buildConfigurations = (
				0105F0A7815ED9ABA45666A4,
				F44B6A42A8FB4AB2E26B9FD8,
			);
			defaultConfigurationIsVisible = 0;
			defaultConfigurationName = Debug;
		};
		6114AC35DC62264EB05DC32C = {
			isa = XCConfigurationList;
			buildConfigurations = (
				139238538B036EF11172E28C,
				DFE7CE993379654240C534A4,
			);
			defaultConfigurationIsVisible = 0;
			defaultConfigurationName = Debug;
		};
/* End XCConfigurationList section */
	};
	rootObject = 0080D76115E29A0FEF79E15A /* Project object */;
}
